
Microsoft Visual Studio Solution File, Format Version 12.00
# Visual Studio Version 16
VisualStudioVersion = 16.0.29111.141
MinimumVisualStudioVersion = 10.0.40219.1
Project("{FAE04EC0-301F-11D3-BF4B-00C04F79EFBC}") = "MrConnect", "MrConnect\MrConnect.csproj", "{AEA061E1-77A0-4EA5-8F1A-E61C3CC1F30A}"
EndProject
Project("{9A19103F-16F7-4668-BE54-9A1E7A4F7556}") = "LionLibrary", "LionLibrary\LionLibrary\LionLibrary.csproj", "{FCECB939-9ADA-4E56-BA8C-7225FBD14AC1}"
EndProject
Project("{FAE04EC0-301F-11D3-BF4B-00C04F79EFBC}") = "WarsOfTanoth", "WarsOfTanoth\WarsOfTanoth.csproj", "{455BD074-705B-43D1-81E8-788402B23D07}"
EndProject
Global
	GlobalSection(SolutionConfigurationPlatforms) = preSolution
		Debug|Any CPU = Debug|Any CPU
		Release|Any CPU = Release|Any CPU
	EndGlobalSection
	GlobalSection(ProjectConfigurationPlatforms) = postSolution
		{AEA061E1-77A0-4EA5-8F1A-E61C3CC1F30A}.Debug|Any CPU.ActiveCfg = Debug|Any CPU
		{AEA061E1-77A0-4EA5-8F1A-E61C3CC1F30A}.Debug|Any CPU.Build.0 = Debug|Any CPU
		{AEA061E1-77A0-4EA5-8F1A-E61C3CC1F30A}.Release|Any CPU.ActiveCfg = Release|Any CPU
		{AEA061E1-77A0-4EA5-8F1A-E61C3CC1F30A}.Release|Any CPU.Build.0 = Release|Any CPU
		{FCECB939-9ADA-4E56-BA8C-7225FBD14AC1}.Debug|Any CPU.ActiveCfg = Debug|Any CPU
		{FCECB939-9ADA-4E56-BA8C-7225FBD14AC1}.Debug|Any CPU.Build.0 = Debug|Any CPU
		{FCECB939-9ADA-4E56-BA8C-7225FBD14AC1}.Release|Any CPU.ActiveCfg = Release|Any CPU
		{FCECB939-9ADA-4E56-BA8C-7225FBD14AC1}.Release|Any CPU.Build.0 = Release|Any CPU
		{455BD074-705B-43D1-81E8-788402B23D07}.Debug|Any CPU.ActiveCfg = Debug|Any CPU
		{455BD074-705B-43D1-81E8-788402B23D07}.Debug|Any CPU.Build.0 = Debug|Any CPU
		{455BD074-705B-43D1-81E8-788402B23D07}.Release|Any CPU.ActiveCfg = Release|Any CPU
		{455BD074-705B-43D1-81E8-788402B23D07}.Release|Any CPU.Build.0 = Release|Any CPU
	EndGlobalSection
	GlobalSection(SolutionProperties) = preSolution
		HideSolutionNode = FALSE
	EndGlobalSection
	GlobalSection(ExtensibilityGlobals) = postSolution
		SolutionGuid = {25E72EDC-799F-4839-899C-BC93D2FB27BD}
	EndGlobalSection
EndGlobal
