
Microsoft Visual Studio Solution File, Format Version 12.00
# Visual Studio Version 16
VisualStudioVersion = 16.0.29111.141
MinimumVisualStudioVersion = 10.0.40219.1
Project("{9A19103F-16F7-4668-BE54-9A1E7A4F7556}") = "MrConnect", "MrConnect\MrConnect.csproj", "{AEA061E1-77A0-4EA5-8F1A-E61C3CC1F30A}"
EndProject
Project("{9A19103F-16F7-4668-BE54-9A1E7A4F7556}") = "LionLibrary", "LionLibrary\LionLibrary\LionLibrary.csproj", "{6D86326E-5279-4E07-9171-E741B5863024}"
EndProject
Project("{9A19103F-16F7-4668-BE54-9A1E7A4F7556}") = "ServerDiscord", "Servers\Discord\ServerDiscord.csproj", "{70AE6D50-B498-417B-9C9F-E466EA799817}"
EndProject
Project("{9A19103F-16F7-4668-BE54-9A1E7A4F7556}") = "ServerWoT", "Servers\WoT\ServerWoT.csproj", "{2811853E-2540-4D4D-A52A-E0C2FA06E2AE}"
EndProject
Project("{9A19103F-16F7-4668-BE54-9A1E7A4F7556}") = "SharedDiscord", "Shared\Discord\SharedDiscord.csproj", "{5BCC6176-DC3F-4A0C-B2A0-652DB6495037}"
EndProject
Project("{9A19103F-16F7-4668-BE54-9A1E7A4F7556}") = "SharedWoT", "Shared\WoT\SharedWoT.csproj", "{E52E3152-ADA6-456F-9C5C-0A3EF076BC63}"
EndProject
Global
	GlobalSection(SolutionConfigurationPlatforms) = preSolution
		Debug|Any CPU = Debug|Any CPU
		Release|Any CPU = Release|Any CPU
	EndGlobalSection
	GlobalSection(ProjectConfigurationPlatforms) = postSolution
		{AEA061E1-77A0-4EA5-8F1A-E61C3CC1F30A}.Debug|Any CPU.ActiveCfg = Debug|Any CPU
		{AEA061E1-77A0-4EA5-8F1A-E61C3CC1F30A}.Debug|Any CPU.Build.0 = Debug|Any CPU
		{AEA061E1-77A0-4EA5-8F1A-E61C3CC1F30A}.Release|Any CPU.ActiveCfg = Release|Any CPU
		{AEA061E1-77A0-4EA5-8F1A-E61C3CC1F30A}.Release|Any CPU.Build.0 = Release|Any CPU
		{6D86326E-5279-4E07-9171-E741B5863024}.Debug|Any CPU.ActiveCfg = Debug|Any CPU
		{6D86326E-5279-4E07-9171-E741B5863024}.Debug|Any CPU.Build.0 = Debug|Any CPU
		{6D86326E-5279-4E07-9171-E741B5863024}.Release|Any CPU.ActiveCfg = Release|Any CPU
		{6D86326E-5279-4E07-9171-E741B5863024}.Release|Any CPU.Build.0 = Release|Any CPU
		{70AE6D50-B498-417B-9C9F-E466EA799817}.Debug|Any CPU.ActiveCfg = Debug|Any CPU
		{70AE6D50-B498-417B-9C9F-E466EA799817}.Debug|Any CPU.Build.0 = Debug|Any CPU
		{70AE6D50-B498-417B-9C9F-E466EA799817}.Release|Any CPU.ActiveCfg = Release|Any CPU
		{70AE6D50-B498-417B-9C9F-E466EA799817}.Release|Any CPU.Build.0 = Release|Any CPU
		{2811853E-2540-4D4D-A52A-E0C2FA06E2AE}.Debug|Any CPU.ActiveCfg = Debug|Any CPU
		{2811853E-2540-4D4D-A52A-E0C2FA06E2AE}.Debug|Any CPU.Build.0 = Debug|Any CPU
		{2811853E-2540-4D4D-A52A-E0C2FA06E2AE}.Release|Any CPU.ActiveCfg = Release|Any CPU
		{2811853E-2540-4D4D-A52A-E0C2FA06E2AE}.Release|Any CPU.Build.0 = Release|Any CPU
		{5BCC6176-DC3F-4A0C-B2A0-652DB6495037}.Debug|Any CPU.ActiveCfg = Debug|Any CPU
		{5BCC6176-DC3F-4A0C-B2A0-652DB6495037}.Debug|Any CPU.Build.0 = Debug|Any CPU
		{5BCC6176-DC3F-4A0C-B2A0-652DB6495037}.Release|Any CPU.ActiveCfg = Release|Any CPU
		{5BCC6176-DC3F-4A0C-B2A0-652DB6495037}.Release|Any CPU.Build.0 = Release|Any CPU
		{E52E3152-ADA6-456F-9C5C-0A3EF076BC63}.Debug|Any CPU.ActiveCfg = Debug|Any CPU
		{E52E3152-ADA6-456F-9C5C-0A3EF076BC63}.Debug|Any CPU.Build.0 = Debug|Any CPU
		{E52E3152-ADA6-456F-9C5C-0A3EF076BC63}.Release|Any CPU.ActiveCfg = Release|Any CPU
		{E52E3152-ADA6-456F-9C5C-0A3EF076BC63}.Release|Any CPU.Build.0 = Release|Any CPU
	EndGlobalSection
	GlobalSection(SolutionProperties) = preSolution
		HideSolutionNode = FALSE
	EndGlobalSection
	GlobalSection(ExtensibilityGlobals) = postSolution
		SolutionGuid = {25E72EDC-799F-4839-899C-BC93D2FB27BD}
	EndGlobalSection
EndGlobal
