
Microsoft Visual Studio Solution File, Format Version 12.00
# Visual Studio Version 16
VisualStudioVersion = 16.0.29111.141
MinimumVisualStudioVersion = 10.0.40219.1
Project("{9A19103F-16F7-4668-BE54-9A1E7A4F7556}") = "MrConnect.Server", "MrConnect\MrConnect.Server.csproj", "{AEA061E1-77A0-4EA5-8F1A-E61C3CC1F30A}"
EndProject
Project("{9A19103F-16F7-4668-BE54-9A1E7A4F7556}") = "LionLibrary", "LionLibrary\LionLibrary\LionLibrary.csproj", "{6D86326E-5279-4E07-9171-E741B5863024}"
EndProject
Project("{9A19103F-16F7-4668-BE54-9A1E7A4F7556}") = "DataServerHelpers", "DataServerHelpers\DataServerHelpers.csproj", "{E331EF01-0A0C-4AF8-97E0-E345D8899B5F}"
EndProject
Project("{9A19103F-16F7-4668-BE54-9A1E7A4F7556}") = "WoT.Server", "MicroServices\WoT\Server\WoT.Server.csproj", "{7388E49E-E175-4902-8A17-09279A5E5420}"
EndProject
Project("{9A19103F-16F7-4668-BE54-9A1E7A4F7556}") = "WoT.Shared", "MicroServices\WoT\Shared\WoT.Shared.csproj", "{0A04F111-B0E3-42AA-ABE9-AC76C63A707B}"
EndProject
Project("{9A19103F-16F7-4668-BE54-9A1E7A4F7556}") = "MrConnect.Shared", "MrConnect.Shared\MrConnect.Shared.csproj", "{21AEB5DA-5A1F-4688-96CD-162921C23639}"
EndProject
Project("{9A19103F-16F7-4668-BE54-9A1E7A4F7556}") = "Discord.Net.Core", "Discord.Net\src\Discord.Net.Core\Discord.Net.Core.csproj", "{D04649D1-F7F6-48FC-8A64-F9847F1905F9}"
EndProject
Project("{9A19103F-16F7-4668-BE54-9A1E7A4F7556}") = "Discord.Net.Commands", "Discord.Net\src\Discord.Net.Commands\Discord.Net.Commands.csproj", "{D747A9F2-BDCC-4FD5-87C0-AADDA581A010}"
EndProject
Project("{9A19103F-16F7-4668-BE54-9A1E7A4F7556}") = "Discord.Net.WebSocket", "Discord.Net\src\Discord.Net.WebSocket\Discord.Net.WebSocket.csproj", "{2B3E055A-78BC-4AEB-A622-8F7F175481D1}"
EndProject
Project("{9A19103F-16F7-4668-BE54-9A1E7A4F7556}") = "Discord.Net.Rest", "Discord.Net\src\Discord.Net.Rest\Discord.Net.Rest.csproj", "{A986D6C2-7850-4394-901A-440324212BA3}"
EndProject
Project("{2150E333-8FDC-42A3-9474-1A3956D46DE8}") = "Discord.Net", "Discord.Net", "{E5C51F47-A410-45F2-BF56-A3E87D3B3813}"
EndProject
Project("{2150E333-8FDC-42A3-9474-1A3956D46DE8}") = "WoT", "WoT", "{A2495E9E-0DAC-465D-823E-7431431365CB}"
EndProject
Project("{2150E333-8FDC-42A3-9474-1A3956D46DE8}") = "MrConnect", "MrConnect", "{493A4DDE-675D-43AC-91AB-8560E21B737F}"
EndProject
Project("{2150E333-8FDC-42A3-9474-1A3956D46DE8}") = "Deps", "Deps", "{11FC0954-2146-4DFF-A8EB-117820EBD135}"
EndProject
Global
	GlobalSection(SolutionConfigurationPlatforms) = preSolution
		Debug|Any CPU = Debug|Any CPU
		Release|Any CPU = Release|Any CPU
	EndGlobalSection
	GlobalSection(ProjectConfigurationPlatforms) = postSolution
		{AEA061E1-77A0-4EA5-8F1A-E61C3CC1F30A}.Debug|Any CPU.ActiveCfg = Debug|Any CPU
		{AEA061E1-77A0-4EA5-8F1A-E61C3CC1F30A}.Debug|Any CPU.Build.0 = Debug|Any CPU
		{AEA061E1-77A0-4EA5-8F1A-E61C3CC1F30A}.Release|Any CPU.ActiveCfg = Release|Any CPU
		{AEA061E1-77A0-4EA5-8F1A-E61C3CC1F30A}.Release|Any CPU.Build.0 = Release|Any CPU
		{6D86326E-5279-4E07-9171-E741B5863024}.Debug|Any CPU.ActiveCfg = Debug|Any CPU
		{6D86326E-5279-4E07-9171-E741B5863024}.Debug|Any CPU.Build.0 = Debug|Any CPU
		{6D86326E-5279-4E07-9171-E741B5863024}.Release|Any CPU.ActiveCfg = Release|Any CPU
		{6D86326E-5279-4E07-9171-E741B5863024}.Release|Any CPU.Build.0 = Release|Any CPU
		{E331EF01-0A0C-4AF8-97E0-E345D8899B5F}.Debug|Any CPU.ActiveCfg = Debug|Any CPU
		{E331EF01-0A0C-4AF8-97E0-E345D8899B5F}.Debug|Any CPU.Build.0 = Debug|Any CPU
		{E331EF01-0A0C-4AF8-97E0-E345D8899B5F}.Release|Any CPU.ActiveCfg = Release|Any CPU
		{E331EF01-0A0C-4AF8-97E0-E345D8899B5F}.Release|Any CPU.Build.0 = Release|Any CPU
		{7388E49E-E175-4902-8A17-09279A5E5420}.Debug|Any CPU.ActiveCfg = Debug|Any CPU
		{7388E49E-E175-4902-8A17-09279A5E5420}.Debug|Any CPU.Build.0 = Debug|Any CPU
		{7388E49E-E175-4902-8A17-09279A5E5420}.Release|Any CPU.ActiveCfg = Release|Any CPU
		{7388E49E-E175-4902-8A17-09279A5E5420}.Release|Any CPU.Build.0 = Release|Any CPU
		{0A04F111-B0E3-42AA-ABE9-AC76C63A707B}.Debug|Any CPU.ActiveCfg = Debug|Any CPU
		{0A04F111-B0E3-42AA-ABE9-AC76C63A707B}.Debug|Any CPU.Build.0 = Debug|Any CPU
		{0A04F111-B0E3-42AA-ABE9-AC76C63A707B}.Release|Any CPU.ActiveCfg = Release|Any CPU
		{0A04F111-B0E3-42AA-ABE9-AC76C63A707B}.Release|Any CPU.Build.0 = Release|Any CPU
		{21AEB5DA-5A1F-4688-96CD-162921C23639}.Debug|Any CPU.ActiveCfg = Debug|Any CPU
		{21AEB5DA-5A1F-4688-96CD-162921C23639}.Debug|Any CPU.Build.0 = Debug|Any CPU
		{21AEB5DA-5A1F-4688-96CD-162921C23639}.Release|Any CPU.ActiveCfg = Release|Any CPU
		{21AEB5DA-5A1F-4688-96CD-162921C23639}.Release|Any CPU.Build.0 = Release|Any CPU
		{D04649D1-F7F6-48FC-8A64-F9847F1905F9}.Debug|Any CPU.ActiveCfg = Debug|Any CPU
		{D04649D1-F7F6-48FC-8A64-F9847F1905F9}.Debug|Any CPU.Build.0 = Debug|Any CPU
		{D04649D1-F7F6-48FC-8A64-F9847F1905F9}.Release|Any CPU.ActiveCfg = Release|Any CPU
		{D04649D1-F7F6-48FC-8A64-F9847F1905F9}.Release|Any CPU.Build.0 = Release|Any CPU
		{D747A9F2-BDCC-4FD5-87C0-AADDA581A010}.Debug|Any CPU.ActiveCfg = Debug|Any CPU
		{D747A9F2-BDCC-4FD5-87C0-AADDA581A010}.Debug|Any CPU.Build.0 = Debug|Any CPU
		{D747A9F2-BDCC-4FD5-87C0-AADDA581A010}.Release|Any CPU.ActiveCfg = Release|Any CPU
		{D747A9F2-BDCC-4FD5-87C0-AADDA581A010}.Release|Any CPU.Build.0 = Release|Any CPU
		{2B3E055A-78BC-4AEB-A622-8F7F175481D1}.Debug|Any CPU.ActiveCfg = Debug|Any CPU
		{2B3E055A-78BC-4AEB-A622-8F7F175481D1}.Debug|Any CPU.Build.0 = Debug|Any CPU
		{2B3E055A-78BC-4AEB-A622-8F7F175481D1}.Release|Any CPU.ActiveCfg = Release|Any CPU
		{2B3E055A-78BC-4AEB-A622-8F7F175481D1}.Release|Any CPU.Build.0 = Release|Any CPU
		{A986D6C2-7850-4394-901A-440324212BA3}.Debug|Any CPU.ActiveCfg = Debug|Any CPU
		{A986D6C2-7850-4394-901A-440324212BA3}.Debug|Any CPU.Build.0 = Debug|Any CPU
		{A986D6C2-7850-4394-901A-440324212BA3}.Release|Any CPU.ActiveCfg = Release|Any CPU
		{A986D6C2-7850-4394-901A-440324212BA3}.Release|Any CPU.Build.0 = Release|Any CPU
	EndGlobalSection
	GlobalSection(SolutionProperties) = preSolution
		HideSolutionNode = FALSE
	EndGlobalSection
	GlobalSection(NestedProjects) = preSolution
		{AEA061E1-77A0-4EA5-8F1A-E61C3CC1F30A} = {493A4DDE-675D-43AC-91AB-8560E21B737F}
		{6D86326E-5279-4E07-9171-E741B5863024} = {11FC0954-2146-4DFF-A8EB-117820EBD135}
		{E331EF01-0A0C-4AF8-97E0-E345D8899B5F} = {11FC0954-2146-4DFF-A8EB-117820EBD135}
		{7388E49E-E175-4902-8A17-09279A5E5420} = {A2495E9E-0DAC-465D-823E-7431431365CB}
		{0A04F111-B0E3-42AA-ABE9-AC76C63A707B} = {A2495E9E-0DAC-465D-823E-7431431365CB}
		{21AEB5DA-5A1F-4688-96CD-162921C23639} = {493A4DDE-675D-43AC-91AB-8560E21B737F}
		{D04649D1-F7F6-48FC-8A64-F9847F1905F9} = {E5C51F47-A410-45F2-BF56-A3E87D3B3813}
		{D747A9F2-BDCC-4FD5-87C0-AADDA581A010} = {E5C51F47-A410-45F2-BF56-A3E87D3B3813}
		{2B3E055A-78BC-4AEB-A622-8F7F175481D1} = {E5C51F47-A410-45F2-BF56-A3E87D3B3813}
		{A986D6C2-7850-4394-901A-440324212BA3} = {E5C51F47-A410-45F2-BF56-A3E87D3B3813}
		{E5C51F47-A410-45F2-BF56-A3E87D3B3813} = {11FC0954-2146-4DFF-A8EB-117820EBD135}
	EndGlobalSection
	GlobalSection(ExtensibilityGlobals) = postSolution
		SolutionGuid = {25E72EDC-799F-4839-899C-BC93D2FB27BD}
	EndGlobalSection
EndGlobal
